
Microsoft Visual Studio Solution File, Format Version 12.00
# Visual Studio 15
VisualStudioVersion = 15.0.27703.2035
MinimumVisualStudioVersion = 10.0.40219.1
Project("{FAE04EC0-301F-11D3-BF4B-00C04F79EFBC}") = "Razor", "Razor\Razor.csproj", "{96016128-8D9E-4BCA-8F56-C9BCBC9DEB16}"
EndProject
Global
	GlobalSection(SolutionConfigurationPlatforms) = preSolution
		Debug|Any CPU = Debug|Any CPU
		Release|Any CPU = Release|Any CPU
	EndGlobalSection
	GlobalSection(ProjectConfigurationPlatforms) = postSolution
		{96016128-8D9E-4BCA-8F56-C9BCBC9DEB16}.Debug|Any CPU.ActiveCfg = Debug|Any CPU
		{96016128-8D9E-4BCA-8F56-C9BCBC9DEB16}.Debug|Any CPU.Build.0 = Debug|Any CPU
		{96016128-8D9E-4BCA-8F56-C9BCBC9DEB16}.Release|Any CPU.ActiveCfg = Release|Any CPU
		{96016128-8D9E-4BCA-8F56-C9BCBC9DEB16}.Release|Any CPU.Build.0 = Release|Any CPU
	EndGlobalSection
	GlobalSection(SolutionProperties) = preSolution
		HideSolutionNode = FALSE
	EndGlobalSection
	GlobalSection(ExtensibilityGlobals) = postSolution
		SolutionGuid = {5955F6E9-2372-4670-BF07-B5AAE1F9821D}
	EndGlobalSection
EndGlobal
